
Microsoft Visual Studio Solution File, Format Version 12.00
# Visual Studio Version 17
VisualStudioVersion = 17.9.34723.18
MinimumVisualStudioVersion = 10.0.40219.1
Project("{9A19103F-16F7-4668-BE54-9A1E7A4F7556}") = "Lanpuda.Lims.UI", "Lanpuda.Lims.UI\Lanpuda.Lims.UI.csproj", "{084A6F5F-FCEE-42B9-BD74-E44D767D31E1}"
EndProject
Project("{9A19103F-16F7-4668-BE54-9A1E7A4F7556}") = "Lanpuda.Client.Start", "Lanpuda.Client.Start\Lanpuda.Client.Start.csproj", "{C20CCC44-FC00-4955-A0FE-6605DD51B812}"
EndProject
Project("{9A19103F-16F7-4668-BE54-9A1E7A4F7556}") = "Lanpuda.Lims.HttpApi.Client", "..\aspnet-core\src\Lanpuda.Lims.HttpApi.Client\Lanpuda.Lims.HttpApi.Client.csproj", "{68611442-943E-4F3B-85BA-9A332C482FBD}"
EndProject
Global
	GlobalSection(SolutionConfigurationPlatforms) = preSolution
		Debug|Any CPU = Debug|Any CPU
		Release|Any CPU = Release|Any CPU
	EndGlobalSection
	GlobalSection(ProjectConfigurationPlatforms) = postSolution
		{084A6F5F-FCEE-42B9-BD74-E44D767D31E1}.Debug|Any CPU.ActiveCfg = Debug|Any CPU
		{084A6F5F-FCEE-42B9-BD74-E44D767D31E1}.Debug|Any CPU.Build.0 = Debug|Any CPU
		{084A6F5F-FCEE-42B9-BD74-E44D767D31E1}.Release|Any CPU.ActiveCfg = Release|Any CPU
		{084A6F5F-FCEE-42B9-BD74-E44D767D31E1}.Release|Any CPU.Build.0 = Release|Any CPU
		{C20CCC44-FC00-4955-A0FE-6605DD51B812}.Debug|Any CPU.ActiveCfg = Debug|Any CPU
		{C20CCC44-FC00-4955-A0FE-6605DD51B812}.Debug|Any CPU.Build.0 = Debug|Any CPU
		{C20CCC44-FC00-4955-A0FE-6605DD51B812}.Release|Any CPU.ActiveCfg = Release|Any CPU
		{C20CCC44-FC00-4955-A0FE-6605DD51B812}.Release|Any CPU.Build.0 = Release|Any CPU
		{68611442-943E-4F3B-85BA-9A332C482FBD}.Debug|Any CPU.ActiveCfg = Debug|Any CPU
		{68611442-943E-4F3B-85BA-9A332C482FBD}.Debug|Any CPU.Build.0 = Debug|Any CPU
		{68611442-943E-4F3B-85BA-9A332C482FBD}.Release|Any CPU.ActiveCfg = Release|Any CPU
		{68611442-943E-4F3B-85BA-9A332C482FBD}.Release|Any CPU.Build.0 = Release|Any CPU
	EndGlobalSection
	GlobalSection(SolutionProperties) = preSolution
		HideSolutionNode = FALSE
	EndGlobalSection
	GlobalSection(ExtensibilityGlobals) = postSolution
		SolutionGuid = {B8CC275C-80A4-48AD-B098-B1ED871DD624}
	EndGlobalSection
EndGlobal
